
Microsoft Visual Studio Solution File, Format Version 12.00
# Visual Studio Version 16
VisualStudioVersion = 16.0.30225.117
MinimumVisualStudioVersion = 10.0.40219.1
Project("{FAE04EC0-301F-11D3-BF4B-00C04F79EFBC}") = "Magic 8 Ball REDO", "Magic 8 Ball REDO\Magic 8 Ball REDO.csproj", "{FF28A20C-338A-428A-88F2-CABCDFAB198A}"
EndProject
Global
	GlobalSection(SolutionConfigurationPlatforms) = preSolution
		Debug|Any CPU = Debug|Any CPU
		Release|Any CPU = Release|Any CPU
	EndGlobalSection
	GlobalSection(ProjectConfigurationPlatforms) = postSolution
		{FF28A20C-338A-428A-88F2-CABCDFAB198A}.Debug|Any CPU.ActiveCfg = Debug|Any CPU
		{FF28A20C-338A-428A-88F2-CABCDFAB198A}.Debug|Any CPU.Build.0 = Debug|Any CPU
		{FF28A20C-338A-428A-88F2-CABCDFAB198A}.Release|Any CPU.ActiveCfg = Release|Any CPU
		{FF28A20C-338A-428A-88F2-CABCDFAB198A}.Release|Any CPU.Build.0 = Release|Any CPU
	EndGlobalSection
	GlobalSection(SolutionProperties) = preSolution
		HideSolutionNode = FALSE
	EndGlobalSection
	GlobalSection(ExtensibilityGlobals) = postSolution
		SolutionGuid = {6502BDCF-14A5-4B17-AE18-C44417615EAC}
	EndGlobalSection
EndGlobal
